
Microsoft Visual Studio Solution File, Format Version 12.00
# Visual Studio 15
VisualStudioVersion = 15.0.28307.106
MinimumVisualStudioVersion = 10.0.40219.1
Project("{FAE04EC0-301F-11D3-BF4B-00C04F79EFBC}") = "ConsoleApp3", "ConsoleApp3\ConsoleApp3.csproj", "{672BD198-2B80-4A32-AAAA-3279D4C77346}"
EndProject
Global
	GlobalSection(SolutionConfigurationPlatforms) = preSolution
		Debug|Any CPU = Debug|Any CPU
		Release|Any CPU = Release|Any CPU
	EndGlobalSection
	GlobalSection(ProjectConfigurationPlatforms) = postSolution
		{672BD198-2B80-4A32-AAAA-3279D4C77346}.Debug|Any CPU.ActiveCfg = Debug|Any CPU
		{672BD198-2B80-4A32-AAAA-3279D4C77346}.Debug|Any CPU.Build.0 = Debug|Any CPU
		{672BD198-2B80-4A32-AAAA-3279D4C77346}.Release|Any CPU.ActiveCfg = Release|Any CPU
		{672BD198-2B80-4A32-AAAA-3279D4C77346}.Release|Any CPU.Build.0 = Release|Any CPU
	EndGlobalSection
	GlobalSection(SolutionProperties) = preSolution
		HideSolutionNode = FALSE
	EndGlobalSection
	GlobalSection(ExtensibilityGlobals) = postSolution
		SolutionGuid = {A3C99C54-0F7B-4DDD-A886-6ED2BCAB5E96}
	EndGlobalSection
EndGlobal
